
Microsoft Visual Studio Solution File, Format Version 12.00
# Visual Studio Version 16
VisualStudioVersion = 16.0.30225.117
MinimumVisualStudioVersion = 10.0.40219.1
Project("{FAE04EC0-301F-11D3-BF4B-00C04F79EFBC}") = "CommonSnappableTypes", "CommonSnappableTypes\CommonSnappableTypes.csproj", "{8E3F7C77-8BC9-4455-9F4A-7BDB4681955D}"
EndProject
Project("{FAE04EC0-301F-11D3-BF4B-00C04F79EFBC}") = "CSharpSnapIn", "CSharpSnapIn\CSharpSnapIn.csproj", "{591DA70F-402F-42C4-B51B-8CF7F78E9DE9}"
EndProject
Project("{F184B08F-C81C-45F6-A57F-5ABD9991F28F}") = "VbSnapIn", "VbSnapIn\VbSnapIn.vbproj", "{93D390BE-A786-45A5-B4BC-8BE7121AA659}"
EndProject
Project("{FAE04EC0-301F-11D3-BF4B-00C04F79EFBC}") = "MyExtendableApp", "MyExtendableApp\MyExtendableApp.csproj", "{88F011D6-59B1-4284-AFC7-5CC7C8A1878E}"
	ProjectSection(ProjectDependencies) = postProject
		{591DA70F-402F-42C4-B51B-8CF7F78E9DE9} = {591DA70F-402F-42C4-B51B-8CF7F78E9DE9}
		{93D390BE-A786-45A5-B4BC-8BE7121AA659} = {93D390BE-A786-45A5-B4BC-8BE7121AA659}
	EndProjectSection
EndProject
Global
	GlobalSection(SolutionConfigurationPlatforms) = preSolution
		Debug|Any CPU = Debug|Any CPU
		Release|Any CPU = Release|Any CPU
	EndGlobalSection
	GlobalSection(ProjectConfigurationPlatforms) = postSolution
		{8E3F7C77-8BC9-4455-9F4A-7BDB4681955D}.Debug|Any CPU.ActiveCfg = Debug|Any CPU
		{8E3F7C77-8BC9-4455-9F4A-7BDB4681955D}.Debug|Any CPU.Build.0 = Debug|Any CPU
		{8E3F7C77-8BC9-4455-9F4A-7BDB4681955D}.Release|Any CPU.ActiveCfg = Release|Any CPU
		{8E3F7C77-8BC9-4455-9F4A-7BDB4681955D}.Release|Any CPU.Build.0 = Release|Any CPU
		{591DA70F-402F-42C4-B51B-8CF7F78E9DE9}.Debug|Any CPU.ActiveCfg = Debug|Any CPU
		{591DA70F-402F-42C4-B51B-8CF7F78E9DE9}.Debug|Any CPU.Build.0 = Debug|Any CPU
		{591DA70F-402F-42C4-B51B-8CF7F78E9DE9}.Release|Any CPU.ActiveCfg = Release|Any CPU
		{591DA70F-402F-42C4-B51B-8CF7F78E9DE9}.Release|Any CPU.Build.0 = Release|Any CPU
		{93D390BE-A786-45A5-B4BC-8BE7121AA659}.Debug|Any CPU.ActiveCfg = Debug|Any CPU
		{93D390BE-A786-45A5-B4BC-8BE7121AA659}.Debug|Any CPU.Build.0 = Debug|Any CPU
		{93D390BE-A786-45A5-B4BC-8BE7121AA659}.Release|Any CPU.ActiveCfg = Release|Any CPU
		{93D390BE-A786-45A5-B4BC-8BE7121AA659}.Release|Any CPU.Build.0 = Release|Any CPU
		{88F011D6-59B1-4284-AFC7-5CC7C8A1878E}.Debug|Any CPU.ActiveCfg = Debug|Any CPU
		{88F011D6-59B1-4284-AFC7-5CC7C8A1878E}.Debug|Any CPU.Build.0 = Debug|Any CPU
		{88F011D6-59B1-4284-AFC7-5CC7C8A1878E}.Release|Any CPU.ActiveCfg = Release|Any CPU
		{88F011D6-59B1-4284-AFC7-5CC7C8A1878E}.Release|Any CPU.Build.0 = Release|Any CPU
	EndGlobalSection
	GlobalSection(SolutionProperties) = preSolution
		HideSolutionNode = FALSE
	EndGlobalSection
	GlobalSection(ExtensibilityGlobals) = postSolution
		SolutionGuid = {C151EFE3-1753-4AFC-AAC7-D39F60889B4B}
	EndGlobalSection
EndGlobal
